<?xml version="1.0"?>
<plist version="1.0">
	<dict>
		<key>archiveVersion</key>
		<string>1</string>
		<key>classes</key>
		<dict />
		<key>objectVersion</key>
		<string>46</string>
		<key>objects</key>
		<dict>
			<key>3674A6676B2ACB9E277ED3F1</key>
			<dict>
				<key>explicitFileType</key>
				<string>sourcecode.c.h</string>
				<key>fileEncoding</key>
				<string>30</string>
				<key>isa</key>
				<string>PBXFileReference</string>
				<key>name</key>
				<string>gmpxx.h</string>
				<key>path</key>
				<string>../../../addons/ofxCorkCsg/libs/gmp/include/gmpxx.h</string>
				<key>sourceTree</key>
				<string>SOURCE_ROOT</string>
			</dict>
			<key>385E54628672A99516697A2F</key>
			<dict>
				<key>children</key>
				<array>
					<string>E4CE630A79D316B501985DED</string>
					<string>3674A6676B2ACB9E277ED3F1</string>
				</array>
				<key>isa</key>
				<string>PBXGroup</string>
				<key>name</key>
				<string>include</string>
				<key>sourceTree</key>
				<string>&lt;group&gt;</string>
			</dict>
			<key>008A1A09EB1C77B74E118CB1</key>
			<dict>
				<key>children</key>
				<array>
					<string>385E54628672A99516697A2F</string>
				</array>
				<key>isa</key>
				<string>PBXGroup</string>
				<key>name</key>
				<string>gmp</string>
				<key>sourceTree</key>
				<string>&lt;group&gt;</string>
			</dict>
			<key>E4CE630A79D316B501985DED</key>
			<dict>
				<key>explicitFileType</key>
				<string>sourcecode.c.h</string>
				<key>fileEncoding</key>
				<string>30</string>
				<key>isa</key>
				<string>PBXFileReference</string>
				<key>name</key>
				<string>gmp.h</string>
				<key>path</key>
				<string>../../../addons/ofxCorkCsg/libs/gmp/include/gmp.h</string>
				<key>sourceTree</key>
				<string>SOURCE_ROOT</string>
			</dict>
			<key>0412B2AED3F1633AA8DB78C5</key>
			<dict>
				<key>explicitFileType</key>
				<string>sourcecode.c.h</string>
				<key>fileEncoding</key>
				<string>30</string>
				<key>isa</key>
				<string>PBXFileReference</string>
				<key>name</key>
				<string>unionFind.h</string>
				<key>path</key>
				<string>../../../addons/ofxCorkCsg/libs/cork/src/util/unionFind.h</string>
				<key>sourceTree</key>
				<string>SOURCE_ROOT</string>
			</dict>
			<key>FC7E9327BE80CD81EE76CD3D</key>
			<dict>
				<key>fileRef</key>
				<string>4E28E0CC227D701A7447AA5B</string>
				<key>isa</key>
				<string>PBXBuildFile</string>
			</dict>
			<key>4E28E0CC227D701A7447AA5B</key>
			<dict>
				<key>explicitFileType</key>
				<string>sourcecode.cpp.cpp</string>
				<key>fileEncoding</key>
				<string>30</string>
				<key>isa</key>
				<string>PBXFileReference</string>
				<key>name</key>
				<string>timer.cpp</string>
				<key>path</key>
				<string>../../../addons/ofxCorkCsg/libs/cork/src/util/timer.cpp</string>
				<key>sourceTree</key>
				<string>SOURCE_ROOT</string>
			</dict>
			<key>32DCD37364174E5E44CE1818</key>
			<dict>
				<key>explicitFileType</key>
				<string>sourcecode.c.h</string>
				<key>fileEncoding</key>
				<string>30</string>
				<key>isa</key>
				<string>PBXFileReference</string>
				<key>name</key>
				<string>shortVec.h</string>
				<key>path</key>
				<string>../../../addons/ofxCorkCsg/libs/cork/src/util/shortVec.h</string>
				<key>sourceTree</key>
				<string>SOURCE_ROOT</string>
			</dict>
			<key>84C33BE278D19490F5F062BC</key>
			<dict>
				<key>explicitFileType</key>
				<string>sourcecode.c.h</string>
				<key>fileEncoding</key>
				<string>30</string>
				<key>isa</key>
				<string>PBXFileReference</string>
				<key>name</key>
				<string>prelude.h</string>
				<key>path</key>
				<string>../../../addons/ofxCorkCsg/libs/cork/src/util/prelude.h</string>
				<key>sourceTree</key>
				<string>SOURCE_ROOT</string>
			</dict>
			<key>F2A37EA058F487B95B80DA09</key>
			<dict>
				<key>explicitFileType</key>
				<string>sourcecode.c.h</string>
				<key>fileEncoding</key>
				<string>30</string>
				<key>isa</key>
				<string>PBXFileReference</string>
				<key>name</key>
				<string>memPool.h</string>
				<key>path</key>
				<string>../../../addons/ofxCorkCsg/libs/cork/src/util/memPool.h</string>
				<key>sourceTree</key>
				<string>SOURCE_ROOT</string>
			</dict>
			<key>73A5BA48FFAA9FF2B6AFEAC7</key>
			<dict>
				<key>fileRef</key>
				<string>FF35778F75AD3093A124BD33</string>
				<key>isa</key>
				<string>PBXBuildFile</string>
			</dict>
			<key>FF35778F75AD3093A124BD33</key>
			<dict>
				<key>explicitFileType</key>
				<string>sourcecode.cpp.cpp</string>
				<key>fileEncoding</key>
				<string>30</string>
				<key>isa</key>
				<string>PBXFileReference</string>
				<key>name</key>
				<string>log.cpp</string>
				<key>path</key>
				<string>../../../addons/ofxCorkCsg/libs/cork/src/util/log.cpp</string>
				<key>sourceTree</key>
				<string>SOURCE_ROOT</string>
			</dict>
			<key>D562821DB5207CED5ED574B8</key>
			<dict>
				<key>children</key>
				<array>
					<string>7C1AA9253CED32B4935CCA0B</string>
					<string>FF35778F75AD3093A124BD33</string>
					<string>F2A37EA058F487B95B80DA09</string>
					<string>84C33BE278D19490F5F062BC</string>
					<string>32DCD37364174E5E44CE1818</string>
					<string>4E28E0CC227D701A7447AA5B</string>
					<string>0412B2AED3F1633AA8DB78C5</string>
				</array>
				<key>isa</key>
				<string>PBXGroup</string>
				<key>name</key>
				<string>util</string>
				<key>sourceTree</key>
				<string>&lt;group&gt;</string>
			</dict>
			<key>7C1AA9253CED32B4935CCA0B</key>
			<dict>
				<key>explicitFileType</key>
				<string>sourcecode.c.h</string>
				<key>fileEncoding</key>
				<string>30</string>
				<key>isa</key>
				<string>PBXFileReference</string>
				<key>name</key>
				<string>iterPool.h</string>
				<key>path</key>
				<string>../../../addons/ofxCorkCsg/libs/cork/src/util/iterPool.h</string>
				<key>sourceTree</key>
				<string>SOURCE_ROOT</string>
			</dict>
			<key>21C72F5B58833C324F602FC8</key>
			<dict>
				<key>children</key>
				<array>
					<string>9B0A32E15DDE370A2D198457</string>
				</array>
				<key>isa</key>
				<string>PBXGroup</string>
				<key>name</key>
				<string>rawmesh</string>
				<key>sourceTree</key>
				<string>&lt;group&gt;</string>
			</dict>
			<key>9B0A32E15DDE370A2D198457</key>
			<dict>
				<key>explicitFileType</key>
				<string>sourcecode.c.h</string>
				<key>fileEncoding</key>
				<string>30</string>
				<key>isa</key>
				<string>PBXFileReference</string>
				<key>name</key>
				<string>rawMesh.h</string>
				<key>path</key>
				<string>../../../addons/ofxCorkCsg/libs/cork/src/rawmesh/rawMesh.h</string>
				<key>sourceTree</key>
				<string>SOURCE_ROOT</string>
			</dict>
			<key>11220E595E4975883A19C471</key>
			<dict>
				<key>explicitFileType</key>
				<string>sourcecode.c.h</string>
				<key>fileEncoding</key>
				<string>30</string>
				<key>isa</key>
				<string>PBXFileReference</string>
				<key>name</key>
				<string>mesh.h</string>
				<key>path</key>
				<string>../../../addons/ofxCorkCsg/libs/cork/src/mesh/mesh.h</string>
				<key>sourceTree</key>
				<string>SOURCE_ROOT</string>
			</dict>
			<key>27F45185A8F5EFFCB15A7F43</key>
			<dict>
				<key>explicitFileType</key>
				<string>sourcecode.c.h</string>
				<key>fileEncoding</key>
				<string>30</string>
				<key>isa</key>
				<string>PBXFileReference</string>
				<key>name</key>
				<string>mesh.decl.h</string>
				<key>path</key>
				<string>../../../addons/ofxCorkCsg/libs/cork/src/mesh/mesh.decl.h</string>
				<key>sourceTree</key>
				<string>SOURCE_ROOT</string>
			</dict>
			<key>06D42CB1D0447DEE7ECF7775</key>
			<dict>
				<key>children</key>
				<array>
					<string>E8644F6EAF03DF88F66E69E8</string>
					<string>27F45185A8F5EFFCB15A7F43</string>
					<string>11220E595E4975883A19C471</string>
				</array>
				<key>isa</key>
				<string>PBXGroup</string>
				<key>name</key>
				<string>mesh</string>
				<key>sourceTree</key>
				<string>&lt;group&gt;</string>
			</dict>
			<key>E8644F6EAF03DF88F66E69E8</key>
			<dict>
				<key>explicitFileType</key>
				<string>sourcecode.c.h</string>
				<key>fileEncoding</key>
				<string>30</string>
				<key>isa</key>
				<string>PBXFileReference</string>
				<key>name</key>
				<string>corkMesh.h</string>
				<key>path</key>
				<string>../../../addons/ofxCorkCsg/libs/cork/src/mesh/corkMesh.h</string>
				<key>sourceTree</key>
				<string>SOURCE_ROOT</string>
			</dict>
			<key>19BF970B70030167F3E58228</key>
			<dict>
				<key>explicitFileType</key>
				<string>sourcecode.c.h</string>
				<key>fileEncoding</key>
				<string>30</string>
				<key>isa</key>
				<string>PBXFileReference</string>
				<key>name</key>
				<string>vec.h</string>
				<key>path</key>
				<string>../../../addons/ofxCorkCsg/libs/cork/src/math/vec.h</string>
				<key>sourceTree</key>
				<string>SOURCE_ROOT</string>
			</dict>
			<key>8637CC533EDCDA280F67E4AA</key>
			<dict>
				<key>explicitFileType</key>
				<string>sourcecode.c.h</string>
				<key>fileEncoding</key>
				<string>30</string>
				<key>isa</key>
				<string>PBXFileReference</string>
				<key>name</key>
				<string>ray.h</string>
				<key>path</key>
				<string>../../../addons/ofxCorkCsg/libs/cork/src/math/ray.h</string>
				<key>sourceTree</key>
				<string>SOURCE_ROOT</string>
			</dict>
			<key>0C3BBA9EB24E27DC8EA329B0</key>
			<dict>
				<key>children</key>
				<array>
					<string>16B3462C58420B13EA73CE45</string>
					<string>8637CC533EDCDA280F67E4AA</string>
					<string>19BF970B70030167F3E58228</string>
				</array>
				<key>isa</key>
				<string>PBXGroup</string>
				<key>name</key>
				<string>math</string>
				<key>sourceTree</key>
				<string>&lt;group&gt;</string>
			</dict>
			<key>16B3462C58420B13EA73CE45</key>
			<dict>
				<key>explicitFileType</key>
				<string>sourcecode.c.h</string>
				<key>fileEncoding</key>
				<string>30</string>
				<key>isa</key>
				<string>PBXFileReference</string>
				<key>name</key>
				<string>bbox.h</string>
				<key>path</key>
				<string>../../../addons/ofxCorkCsg/libs/cork/src/math/bbox.h</string>
				<key>sourceTree</key>
				<string>SOURCE_ROOT</string>
			</dict>
			<key>5834923CC779A2A11A274411</key>
			<dict>
				<key>explicitFileType</key>
				<string>sourcecode.c.h</string>
				<key>fileEncoding</key>
				<string>30</string>
				<key>isa</key>
				<string>PBXFileReference</string>
				<key>name</key>
				<string>unsafeRayTriIsct.h</string>
				<key>path</key>
				<string>../../../addons/ofxCorkCsg/libs/cork/src/isct/unsafeRayTriIsct.h</string>
				<key>sourceTree</key>
				<string>SOURCE_ROOT</string>
			</dict>
			<key>1AD12C5EC168C3C28008D240</key>
			<dict>
				<key>explicitFileType</key>
				<string>sourcecode.c.h</string>
				<key>fileEncoding</key>
				<string>30</string>
				<key>isa</key>
				<string>PBXFileReference</string>
				<key>name</key>
				<string>triangle.h</string>
				<key>path</key>
				<string>../../../addons/ofxCorkCsg/libs/cork/src/isct/triangle.h</string>
				<key>sourceTree</key>
				<string>SOURCE_ROOT</string>
			</dict>
			<key>BFCC3C7D801FD0653B5D6193</key>
			<dict>
				<key>fileRef</key>
				<string>559AF9D1FBE013B52F6FC1DB</string>
				<key>isa</key>
				<string>PBXBuildFile</string>
			</dict>
			<key>559AF9D1FBE013B52F6FC1DB</key>
			<dict>
				<key>explicitFileType</key>
				<string>sourcecode.c.c</string>
				<key>fileEncoding</key>
				<string>30</string>
				<key>isa</key>
				<string>PBXFileReference</string>
				<key>name</key>
				<string>triangle.c</string>
				<key>path</key>
				<string>../../../addons/ofxCorkCsg/libs/cork/src/isct/triangle.c</string>
				<key>sourceTree</key>
				<string>SOURCE_ROOT</string>
			</dict>
			<key>44A0E5412DFE5AA7E86D85F5</key>
			<dict>
				<key>explicitFileType</key>
				<string>sourcecode.c.h</string>
				<key>fileEncoding</key>
				<string>30</string>
				<key>isa</key>
				<string>PBXFileReference</string>
				<key>name</key>
				<string>quantization.h</string>
				<key>path</key>
				<string>../../../addons/ofxCorkCsg/libs/cork/src/isct/quantization.h</string>
				<key>sourceTree</key>
				<string>SOURCE_ROOT</string>
			</dict>
			<key>737500D6101AE4C42838350A</key>
			<dict>
				<key>fileRef</key>
				<string>404049D04FCBD28090D1916F</string>
				<key>isa</key>
				<string>PBXBuildFile</string>
			</dict>
			<key>404049D04FCBD28090D1916F</key>
			<dict>
				<key>explicitFileType</key>
				<string>sourcecode.cpp.cpp</string>
				<key>fileEncoding</key>
				<string>30</string>
				<key>isa</key>
				<string>PBXFileReference</string>
				<key>name</key>
				<string>quantization.cpp</string>
				<key>path</key>
				<string>../../../addons/ofxCorkCsg/libs/cork/src/isct/quantization.cpp</string>
				<key>sourceTree</key>
				<string>SOURCE_ROOT</string>
			</dict>
			<key>05DD6C4A52BD8B826CBD6E68</key>
			<dict>
				<key>explicitFileType</key>
				<string>sourcecode.c.h</string>
				<key>fileEncoding</key>
				<string>30</string>
				<key>isa</key>
				<string>PBXFileReference</string>
				<key>name</key>
				<string>gmpext4.h</string>
				<key>path</key>
				<string>../../../addons/ofxCorkCsg/libs/cork/src/isct/gmpext4.h</string>
				<key>sourceTree</key>
				<string>SOURCE_ROOT</string>
			</dict>
			<key>2DD849D628F0D2DCBDEF777C</key>
			<dict>
				<key>explicitFileType</key>
				<string>sourcecode.c.h</string>
				<key>fileEncoding</key>
				<string>30</string>
				<key>isa</key>
				<string>PBXFileReference</string>
				<key>name</key>
				<string>fixint.h</string>
				<key>path</key>
				<string>../../../addons/ofxCorkCsg/libs/cork/src/isct/fixint.h</string>
				<key>sourceTree</key>
				<string>SOURCE_ROOT</string>
			</dict>
			<key>FEB9DFD971F0BFFAE49F4240</key>
			<dict>
				<key>explicitFileType</key>
				<string>sourcecode.c.h</string>
				<key>fileEncoding</key>
				<string>30</string>
				<key>isa</key>
				<string>PBXFileReference</string>
				<key>name</key>
				<string>fixext4.h</string>
				<key>path</key>
				<string>../../../addons/ofxCorkCsg/libs/cork/src/isct/fixext4.h</string>
				<key>sourceTree</key>
				<string>SOURCE_ROOT</string>
			</dict>
			<key>2392133256E05563A5B09F39</key>
			<dict>
				<key>explicitFileType</key>
				<string>sourcecode.c.h</string>
				<key>fileEncoding</key>
				<string>30</string>
				<key>isa</key>
				<string>PBXFileReference</string>
				<key>name</key>
				<string>ext4.h</string>
				<key>path</key>
				<string>../../../addons/ofxCorkCsg/libs/cork/src/isct/ext4.h</string>
				<key>sourceTree</key>
				<string>SOURCE_ROOT</string>
			</dict>
			<key>2B81BBF57059E668CF675D4C</key>
			<dict>
				<key>explicitFileType</key>
				<string>sourcecode.c.h</string>
				<key>fileEncoding</key>
				<string>30</string>
				<key>isa</key>
				<string>PBXFileReference</string>
				<key>name</key>
				<string>empty3d.h</string>
				<key>path</key>
				<string>../../../addons/ofxCorkCsg/libs/cork/src/isct/empty3d.h</string>
				<key>sourceTree</key>
				<string>SOURCE_ROOT</string>
			</dict>
			<key>86027BD7ACFD1484C0CFFFD8</key>
			<dict>
				<key>fileRef</key>
				<string>BC8AB5FE5A99C42FF4399BDD</string>
				<key>isa</key>
				<string>PBXBuildFile</string>
			</dict>
			<key>BC8AB5FE5A99C42FF4399BDD</key>
			<dict>
				<key>explicitFileType</key>
				<string>sourcecode.cpp.cpp</string>
				<key>fileEncoding</key>
				<string>30</string>
				<key>isa</key>
				<string>PBXFileReference</string>
				<key>name</key>
				<string>empty3d.cpp</string>
				<key>path</key>
				<string>../../../addons/ofxCorkCsg/libs/cork/src/isct/empty3d.cpp</string>
				<key>sourceTree</key>
				<string>SOURCE_ROOT</string>
			</dict>
			<key>2224AF2778CDA6ECEA239A5D</key>
			<dict>
				<key>children</key>
				<array>
					<string>7DB7979473BFC2B26D5AF411</string>
					<string>BC8AB5FE5A99C42FF4399BDD</string>
					<string>2B81BBF57059E668CF675D4C</string>
					<string>2392133256E05563A5B09F39</string>
					<string>FEB9DFD971F0BFFAE49F4240</string>
					<string>2DD849D628F0D2DCBDEF777C</string>
					<string>05DD6C4A52BD8B826CBD6E68</string>
					<string>404049D04FCBD28090D1916F</string>
					<string>44A0E5412DFE5AA7E86D85F5</string>
					<string>559AF9D1FBE013B52F6FC1DB</string>
					<string>1AD12C5EC168C3C28008D240</string>
					<string>5834923CC779A2A11A274411</string>
				</array>
				<key>isa</key>
				<string>PBXGroup</string>
				<key>name</key>
				<string>isct</string>
				<key>sourceTree</key>
				<string>&lt;group&gt;</string>
			</dict>
			<key>7DB7979473BFC2B26D5AF411</key>
			<dict>
				<key>explicitFileType</key>
				<string>sourcecode.c.h</string>
				<key>fileEncoding</key>
				<string>30</string>
				<key>isa</key>
				<string>PBXFileReference</string>
				<key>name</key>
				<string>absext4.h</string>
				<key>path</key>
				<string>../../../addons/ofxCorkCsg/libs/cork/src/isct/absext4.h</string>
				<key>sourceTree</key>
				<string>SOURCE_ROOT</string>
			</dict>
			<key>F401D09A5C3298A73E6C22A8</key>
			<dict>
				<key>fileRef</key>
				<string>E9312AF34B92CE21523A0A1D</string>
				<key>isa</key>
				<string>PBXBuildFile</string>
			</dict>
			<key>E9312AF34B92CE21523A0A1D</key>
			<dict>
				<key>explicitFileType</key>
				<string>sourcecode.cpp.cpp</string>
				<key>fileEncoding</key>
				<string>30</string>
				<key>isa</key>
				<string>PBXFileReference</string>
				<key>name</key>
				<string>off.cpp</string>
				<key>path</key>
				<string>../../../addons/ofxCorkCsg/libs/cork/src/file_formats/off.cpp</string>
				<key>sourceTree</key>
				<string>SOURCE_ROOT</string>
			</dict>
			<key>700D29D1440CEBACDE4BF01B</key>
			<dict>
				<key>fileRef</key>
				<string>22744B3C7567FC6FBA9E03CE</string>
				<key>isa</key>
				<string>PBXBuildFile</string>
			</dict>
			<key>22744B3C7567FC6FBA9E03CE</key>
			<dict>
				<key>explicitFileType</key>
				<string>sourcecode.cpp.cpp</string>
				<key>fileEncoding</key>
				<string>30</string>
				<key>isa</key>
				<string>PBXFileReference</string>
				<key>name</key>
				<string>ifs.cpp</string>
				<key>path</key>
				<string>../../../addons/ofxCorkCsg/libs/cork/src/file_formats/ifs.cpp</string>
				<key>sourceTree</key>
				<string>SOURCE_ROOT</string>
			</dict>
			<key>31D2104D2F883158D85404CE</key>
			<dict>
				<key>explicitFileType</key>
				<string>sourcecode.c.h</string>
				<key>fileEncoding</key>
				<string>30</string>
				<key>isa</key>
				<string>PBXFileReference</string>
				<key>name</key>
				<string>files.h</string>
				<key>path</key>
				<string>../../../addons/ofxCorkCsg/libs/cork/src/file_formats/files.h</string>
				<key>sourceTree</key>
				<string>SOURCE_ROOT</string>
			</dict>
			<key>9F317546C1A7042C6D864545</key>
			<dict>
				<key>children</key>
				<array>
					<string>AB38D7EB0D7EB3FE2C0EB06A</string>
					<string>31D2104D2F883158D85404CE</string>
					<string>22744B3C7567FC6FBA9E03CE</string>
					<string>E9312AF34B92CE21523A0A1D</string>
				</array>
				<key>isa</key>
				<string>PBXGroup</string>
				<key>name</key>
				<string>file_formats</string>
				<key>sourceTree</key>
				<string>&lt;group&gt;</string>
			</dict>
			<key>AB69D0B43CDDC284EE69034F</key>
			<dict>
				<key>fileRef</key>
				<string>AB38D7EB0D7EB3FE2C0EB06A</string>
				<key>isa</key>
				<string>PBXBuildFile</string>
			</dict>
			<key>AB38D7EB0D7EB3FE2C0EB06A</key>
			<dict>
				<key>explicitFileType</key>
				<string>sourcecode.cpp.cpp</string>
				<key>fileEncoding</key>
				<string>30</string>
				<key>isa</key>
				<string>PBXFileReference</string>
				<key>name</key>
				<string>files.cpp</string>
				<key>path</key>
				<string>../../../addons/ofxCorkCsg/libs/cork/src/file_formats/files.cpp</string>
				<key>sourceTree</key>
				<string>SOURCE_ROOT</string>
			</dict>
			<key>F49A9EA44A56530B41FD2AC6</key>
			<dict>
				<key>explicitFileType</key>
				<string>sourcecode.c.h</string>
				<key>fileEncoding</key>
				<string>30</string>
				<key>isa</key>
				<string>PBXFileReference</string>
				<key>name</key>
				<string>cork.h</string>
				<key>path</key>
				<string>../../../addons/ofxCorkCsg/libs/cork/src/cork.h</string>
				<key>sourceTree</key>
				<string>SOURCE_ROOT</string>
			</dict>
			<key>41C3EE192021D99EF70FDFCB</key>
			<dict>
				<key>fileRef</key>
				<string>6CA06441F91C6A3369EB9199</string>
				<key>isa</key>
				<string>PBXBuildFile</string>
			</dict>
			<key>6CA06441F91C6A3369EB9199</key>
			<dict>
				<key>explicitFileType</key>
				<string>sourcecode.cpp.cpp</string>
				<key>fileEncoding</key>
				<string>30</string>
				<key>isa</key>
				<string>PBXFileReference</string>
				<key>name</key>
				<string>cork.cpp</string>
				<key>path</key>
				<string>../../../addons/ofxCorkCsg/libs/cork/src/cork.cpp</string>
				<key>sourceTree</key>
				<string>SOURCE_ROOT</string>
			</dict>
			<key>E2C1DAE4C399513458245214</key>
			<dict>
				<key>children</key>
				<array>
					<string>3C38D2F4BF8D1D4ADCB5EA1A</string>
				</array>
				<key>isa</key>
				<string>PBXGroup</string>
				<key>name</key>
				<string>accel</string>
				<key>sourceTree</key>
				<string>&lt;group&gt;</string>
			</dict>
			<key>A330FA7EA6C41A1282FE076E</key>
			<dict>
				<key>children</key>
				<array>
					<string>E2C1DAE4C399513458245214</string>
					<string>6CA06441F91C6A3369EB9199</string>
					<string>F49A9EA44A56530B41FD2AC6</string>
					<string>9F317546C1A7042C6D864545</string>
					<string>2224AF2778CDA6ECEA239A5D</string>
					<string>0C3BBA9EB24E27DC8EA329B0</string>
					<string>06D42CB1D0447DEE7ECF7775</string>
					<string>21C72F5B58833C324F602FC8</string>
					<string>D562821DB5207CED5ED574B8</string>
				</array>
				<key>isa</key>
				<string>PBXGroup</string>
				<key>name</key>
				<string>src</string>
				<key>sourceTree</key>
				<string>&lt;group&gt;</string>
			</dict>
			<key>9ED3230C2F380B7A0B6325A6</key>
			<dict>
				<key>children</key>
				<array>
					<string>A330FA7EA6C41A1282FE076E</string>
				</array>
				<key>isa</key>
				<string>PBXGroup</string>
				<key>name</key>
				<string>cork</string>
				<key>sourceTree</key>
				<string>&lt;group&gt;</string>
			</dict>
			<key>5AC56A5D3FAB890778AF8095</key>
			<dict>
				<key>children</key>
				<array>
					<string>9ED3230C2F380B7A0B6325A6</string>
					<string>008A1A09EB1C77B74E118CB1</string>
				</array>
				<key>isa</key>
				<string>PBXGroup</string>
				<key>name</key>
				<string>libs</string>
				<key>sourceTree</key>
				<string>&lt;group&gt;</string>
			</dict>
			<key>3C38D2F4BF8D1D4ADCB5EA1A</key>
			<dict>
				<key>explicitFileType</key>
				<string>sourcecode.c.h</string>
				<key>fileEncoding</key>
				<string>30</string>
				<key>isa</key>
				<string>PBXFileReference</string>
				<key>name</key>
				<string>aabvh.h</string>
				<key>path</key>
				<string>../../../addons/ofxCorkCsg/libs/cork/src/accel/aabvh.h</string>
				<key>sourceTree</key>
				<string>SOURCE_ROOT</string>
			</dict>
			<key>0A62DD5DC998F8061821A3CB</key>
			<dict>
				<key>explicitFileType</key>
				<string>sourcecode.c.h</string>
				<key>fileEncoding</key>
				<string>30</string>
				<key>isa</key>
				<string>PBXFileReference</string>
				<key>name</key>
				<string>ofxCorkCsg.h</string>
				<key>path</key>
				<string>../../../addons/ofxCorkCsg/src/ofxCorkCsg.h</string>
				<key>sourceTree</key>
				<string>SOURCE_ROOT</string>
			</dict>
			<key>870458AB49131428D6D80450</key>
			<dict>
				<key>explicitFileType</key>
				<string>sourcecode.c.h</string>
				<key>fileEncoding</key>
				<string>30</string>
				<key>isa</key>
				<string>PBXFileReference</string>
				<key>name</key>
				<string>CorkMeshWrapper.h</string>
				<key>path</key>
				<string>../../../addons/ofxCorkCsg/src/CorkMeshWrapper.h</string>
				<key>sourceTree</key>
				<string>SOURCE_ROOT</string>
			</dict>
			<key>4FD174450C92F662E4E7E7FC</key>
			<dict>
				<key>fileRef</key>
				<string>CEDFF1E5DE2910E1BC75C47E</string>
				<key>isa</key>
				<string>PBXBuildFile</string>
			</dict>
			<key>CEDFF1E5DE2910E1BC75C47E</key>
			<dict>
				<key>explicitFileType</key>
				<string>sourcecode.cpp.cpp</string>
				<key>fileEncoding</key>
				<string>30</string>
				<key>isa</key>
				<string>PBXFileReference</string>
				<key>name</key>
				<string>CorkMeshWrapper.cpp</string>
				<key>path</key>
				<string>../../../addons/ofxCorkCsg/src/CorkMeshWrapper.cpp</string>
				<key>sourceTree</key>
				<string>SOURCE_ROOT</string>
			</dict>
			<key>0ACF35BF6E050B153E915EEA</key>
			<dict>
				<key>explicitFileType</key>
				<string>sourcecode.c.h</string>
				<key>fileEncoding</key>
				<string>30</string>
				<key>isa</key>
				<string>PBXFileReference</string>
				<key>name</key>
				<string>CorkCsg.h</string>
				<key>path</key>
				<string>../../../addons/ofxCorkCsg/src/CorkCsg.h</string>
				<key>sourceTree</key>
				<string>SOURCE_ROOT</string>
			</dict>
			<key>39CE5A08A49A0A59AEE0988B</key>
			<dict>
				<key>children</key>
				<array>
					<string>EA58D1C6AD92988D4A9A5D42</string>
					<string>0ACF35BF6E050B153E915EEA</string>
					<string>CEDFF1E5DE2910E1BC75C47E</string>
					<string>870458AB49131428D6D80450</string>
					<string>0A62DD5DC998F8061821A3CB</string>
				</array>
				<key>isa</key>
				<string>PBXGroup</string>
				<key>name</key>
				<string>src</string>
				<key>sourceTree</key>
				<string>&lt;group&gt;</string>
			</dict>
			<key>944786EDF919E08F4E18D6DE</key>
			<dict>
				<key>children</key>
				<array>
					<string>39CE5A08A49A0A59AEE0988B</string>
					<string>5AC56A5D3FAB890778AF8095</string>
				</array>
				<key>isa</key>
				<string>PBXGroup</string>
				<key>name</key>
				<string>ofxCorkCsg</string>
				<key>sourceTree</key>
				<string>&lt;group&gt;</string>
			</dict>
			<key>E06AC6EB84465C9EFEC3A2DF</key>
			<dict>
				<key>fileRef</key>
				<string>EA58D1C6AD92988D4A9A5D42</string>
				<key>isa</key>
				<string>PBXBuildFile</string>
			</dict>
			<key>EA58D1C6AD92988D4A9A5D42</key>
			<dict>
				<key>explicitFileType</key>
				<string>sourcecode.cpp.cpp</string>
				<key>fileEncoding</key>
				<string>30</string>
				<key>isa</key>
				<string>PBXFileReference</string>
				<key>name</key>
				<string>CorkCsg.cpp</string>
				<key>path</key>
				<string>../../../addons/ofxCorkCsg/src/CorkCsg.cpp</string>
				<key>sourceTree</key>
				<string>SOURCE_ROOT</string>
			</dict>
			<key>6948EE371B920CB800B5AC1A</key>
			<dict>
				<key>children</key>
				<array />
				<key>isa</key>
				<string>PBXGroup</string>
				<key>name</key>
				<string>local_addons</string>
				<key>sourceTree</key>
				<string>&lt;group&gt;</string>
			</dict>
			<key>8466F1851C04CA0E00918B1C</key>
			<dict>
				<key>buildActionMask</key>
				<string>12</string>
				<key>files</key>
				<array />
				<key>inputPaths</key>
				<array />
				<key>isa</key>
				<string>PBXShellScriptBuildPhase</string>
				<key>outputPaths</key>
				<array />
				<key>runOnlyForDeploymentPostprocessing</key>
				<string>0</string>
				<key>shellPath</key>
				<string>/bin/sh</string>
				<key>shellScript</key>
				<string>echo "$GCC_PREPROCESSOR_DEFINITIONS";
APPSTORE=`expr "$GCC_PREPROCESSOR_DEFINITIONS" : ".*APPSTORE=\([0-9]*\)"`
if [ -z "$APPSTORE" ] ; then
echo "Note: Not copying bin/data to App Package or doing App Code signing. Use AppStore target for AppStore distribution";
else
# Copy bin/data into App/Resources
rsync -avz --exclude='.DS_Store' "${SRCROOT}/bin/data/" "${TARGET_BUILD_DIR}/${UNLOCALIZED_RESOURCES_FOLDER_PATH}/data/"

# ---- Code Sign App Package ----

# WARNING: You may have to run Clean in Xcode after changing CODE_SIGN_IDENTITY!

# Verify that $CODE_SIGN_IDENTITY is set
if [ -z "${CODE_SIGN_IDENTITY}" ] ; then
echo "CODE_SIGN_IDENTITY needs to be set for framework code-signing"
exit 0
fi

if [ -z "${CODE_SIGN_ENTITLEMENTS}" ] ; then
echo "CODE_SIGN_ENTITLEMENTS needs to be set for framework code-signing!"

if [ "${CONFIGURATION}" = "Release" ] ; then
exit 1
else
# Code-signing is optional for non-release builds.
exit 0
fi
fi

ITEMS=""

FRAMEWORKS_DIR="${TARGET_BUILD_DIR}/${FRAMEWORKS_FOLDER_PATH}"
echo "$FRAMEWORKS_DIR"
if [ -d "$FRAMEWORKS_DIR" ] ; then
FRAMEWORKS=$(find "${FRAMEWORKS_DIR}" -depth -type d -name "*.framework" -or -name "*.dylib" -or -name "*.bundle" | sed -e "s/\(.*framework\)/\1\/Versions\/A\//")
RESULT=$?
if [[ $RESULT != 0 ]] ; then
exit 1
fi

ITEMS="${FRAMEWORKS}"
fi

LOGINITEMS_DIR="${TARGET_BUILD_DIR}/${CONTENTS_FOLDER_PATH}/Library/LoginItems/"
if [ -d "$LOGINITEMS_DIR" ] ; then
LOGINITEMS=$(find "${LOGINITEMS_DIR}" -depth -type d -name "*.app")
RESULT=$?
if [[ $RESULT != 0 ]] ; then
exit 1
fi

ITEMS="${ITEMS}"$'\n'"${LOGINITEMS}"
fi

# Prefer the expanded name, if available.
CODE_SIGN_IDENTITY_FOR_ITEMS="${EXPANDED_CODE_SIGN_IDENTITY_NAME}"
if [ "${CODE_SIGN_IDENTITY_FOR_ITEMS}" = "" ] ; then
# Fall back to old behavior.
CODE_SIGN_IDENTITY_FOR_ITEMS="${CODE_SIGN_IDENTITY}"
fi

echo "Identity:"
echo "${CODE_SIGN_IDENTITY_FOR_ITEMS}"

echo "Entitlements:"
echo "${CODE_SIGN_ENTITLEMENTS}"

echo "Found:"
echo "${ITEMS}"

# Change the Internal Field Separator (IFS) so that spaces in paths will not cause problems below.
SAVED_IFS=$IFS
IFS=$(echo -en "\n\b")

# Loop through all items.
for ITEM in $ITEMS;
do
echo "Signing '${ITEM}'"
codesign --force --verbose --sign "${CODE_SIGN_IDENTITY_FOR_ITEMS}" --entitlements "${CODE_SIGN_ENTITLEMENTS}" "${ITEM}"
RESULT=$?
if [[ $RESULT != 0 ]] ; then
echo "Failed to sign '${ITEM}'."
IFS=$SAVED_IFS
exit 1
fi
done

# Restore $IFS.
IFS=$SAVED_IFS

fi
</string>
			</dict>
			<key>99FA3DBB1C7456C400CFA0EE</key>
			<dict>
				<key>baseConfigurationReference</key>
				<string>E4EB6923138AFD0F00A09F29</string>
				<key>buildSettings</key>
				<dict>
					<key>OTHER_LDFLAGS</key>
					<array>
						<string>$(OF_CORE_FRAMEWORKS) $(OF_CORE_LIBS)</string>
						<string>../../../addons/ofxCorkCsg/libs/gmp/lib/osx/libgmp.10.dylib</string>
						<string>../../../addons/ofxCorkCsg/libs/gmp/lib/osx/libgmp.a</string>
						<string>../../../addons/ofxCorkCsg/libs/gmp/lib/osx/libgmp.10.dylib</string>
						<string>../../../addons/ofxCorkCsg/libs/gmp/lib/osx/libgmpxx.4.dylib</string>
						<string>../../../addons/ofxCorkCsg/libs/gmp/lib/osx/libgmpxx.a</string>
						<string>../../../addons/ofxCorkCsg/libs/gmp/lib/osx/libgmpxx.4.dylib</string>
					</array>
					<key>HEADER_SEARCH_PATHS</key>
					<array>
						<string>$(OF_CORE_HEADERS)</string>
						<string>src</string>
						<string>../../../addons/ofxCorkCsg/libs</string>
						<string>../../../addons/ofxCorkCsg/libs/cork</string>
						<string>../../../addons/ofxCorkCsg/libs/cork/src</string>
						<string>../../../addons/ofxCorkCsg/libs/cork/src/accel</string>
						<string>../../../addons/ofxCorkCsg/libs/cork/src/file_formats</string>
						<string>../../../addons/ofxCorkCsg/libs/cork/src/isct</string>
						<string>../../../addons/ofxCorkCsg/libs/cork/src/math</string>
						<string>../../../addons/ofxCorkCsg/libs/cork/src/mesh</string>
						<string>../../../addons/ofxCorkCsg/libs/cork/src/rawmesh</string>
						<string>../../../addons/ofxCorkCsg/libs/cork/src/util</string>
						<string>../../../addons/ofxCorkCsg/libs/gmp</string>
						<string>../../../addons/ofxCorkCsg/libs/gmp/include</string>
						<string>../../../addons/ofxCorkCsg/libs/gmp/lib</string>
						<string>../../../addons/ofxCorkCsg/libs/gmp/lib/osx</string>
						<string>../../../addons/ofxCorkCsg/src</string>
					</array>
					<key>CONFIGURATION_BUILD_DIR</key>
					<string>$(SRCROOT)/bin/</string>
					<key>COPY_PHASE_STRIP</key>
					<string>YES</string>
					<key>DEAD_CODE_STRIPPING</key>
					<string>YES</string>
					<key>GCC_AUTO_VECTORIZATION</key>
					<string>YES</string>
					<key>GCC_ENABLE_SSE3_EXTENSIONS</key>
					<string>YES</string>
					<key>GCC_ENABLE_SUPPLEMENTAL_SSE3_INSTRUCTIONS</key>
					<string>YES</string>
					<key>GCC_INLINES_ARE_PRIVATE_EXTERN</key>
					<string>NO</string>
					<key>GCC_OPTIMIZATION_LEVEL</key>
					<string>3</string>
					<key>GCC_PREPROCESSOR_DEFINITIONS[arch=*]</key>
					<string>DISTRIBUTION=1</string>
					<key>GCC_SYMBOLS_PRIVATE_EXTERN</key>
					<string>NO</string>
					<key>GCC_UNROLL_LOOPS</key>
					<string>YES</string>
					<key>GCC_WARN_ABOUT_DEPRECATED_FUNCTIONS</key>
					<string>YES</string>
					<key>GCC_WARN_ABOUT_INVALID_OFFSETOF_MACRO</key>
					<string>NO</string>
					<key>GCC_WARN_ALLOW_INCOMPLETE_PROTOCOL</key>
					<string>NO</string>
					<key>GCC_WARN_UNINITIALIZED_AUTOS</key>
					<string>NO</string>
					<key>GCC_WARN_UNUSED_VALUE</key>
					<string>NO</string>
					<key>GCC_WARN_UNUSED_VARIABLE</key>
					<string>NO</string>
					<key>MACOSX_DEPLOYMENT_TARGET</key>
					<string>10.9</string>
					<key>OTHER_CPLUSPLUSFLAGS</key>
					<array>
						<string>-D__MACOSX_CORE__</string>
						<string>-mtune=native</string>
					</array>
					<key>SDKROOT</key>
					<string>macosx</string>
				</dict>
				<key>isa</key>
				<string>XCBuildConfiguration</string>
				<key>name</key>
				<string>AppStore</string>
			</dict>
			<key>99FA3DBC1C7456C400CFA0EE</key>
			<dict>
				<key>baseConfigurationReference</key>
				<string>E4EB6923138AFD0F00A09F29</string>
				<key>buildSettings</key>
				<dict>
					<key>OTHER_LDFLAGS</key>
					<array>
						<string>$(OF_CORE_FRAMEWORKS) $(OF_CORE_LIBS)</string>
						<string>../../../addons/ofxCorkCsg/libs/gmp/lib/osx/libgmp.10.dylib</string>
						<string>../../../addons/ofxCorkCsg/libs/gmp/lib/osx/libgmp.a</string>
						<string>../../../addons/ofxCorkCsg/libs/gmp/lib/osx/libgmp.10.dylib</string>
						<string>../../../addons/ofxCorkCsg/libs/gmp/lib/osx/libgmpxx.4.dylib</string>
						<string>../../../addons/ofxCorkCsg/libs/gmp/lib/osx/libgmpxx.a</string>
						<string>../../../addons/ofxCorkCsg/libs/gmp/lib/osx/libgmpxx.4.dylib</string>
					</array>
					<key>HEADER_SEARCH_PATHS</key>
					<array>
						<string>$(OF_CORE_HEADERS)</string>
						<string>src</string>
						<string>../../../addons/ofxCorkCsg/libs</string>
						<string>../../../addons/ofxCorkCsg/libs/cork</string>
						<string>../../../addons/ofxCorkCsg/libs/cork/src</string>
						<string>../../../addons/ofxCorkCsg/libs/cork/src/accel</string>
						<string>../../../addons/ofxCorkCsg/libs/cork/src/file_formats</string>
						<string>../../../addons/ofxCorkCsg/libs/cork/src/isct</string>
						<string>../../../addons/ofxCorkCsg/libs/cork/src/math</string>
						<string>../../../addons/ofxCorkCsg/libs/cork/src/mesh</string>
						<string>../../../addons/ofxCorkCsg/libs/cork/src/rawmesh</string>
						<string>../../../addons/ofxCorkCsg/libs/cork/src/util</string>
						<string>../../../addons/ofxCorkCsg/libs/gmp</string>
						<string>../../../addons/ofxCorkCsg/libs/gmp/include</string>
						<string>../../../addons/ofxCorkCsg/libs/gmp/lib</string>
						<string>../../../addons/ofxCorkCsg/libs/gmp/lib/osx</string>
						<string>../../../addons/ofxCorkCsg/src</string>
					</array>
					<key>COMBINE_HIDPI_IMAGES</key>
					<string>YES</string>
					<key>COPY_PHASE_STRIP</key>
					<string>YES</string>
					<key>FRAMEWORK_SEARCH_PATHS</key>
					<string>$(inherited)</string>
					<key>GCC_GENERATE_DEBUGGING_SYMBOLS</key>
					<string>YES</string>
					<key>GCC_MODEL_TUNING</key>
					<string>NONE</string>
					<key>GCC_PREPROCESSOR_DEFINITIONS[arch=*]</key>
					<string>APPSTORE=1</string>
					<key>ICON</key>
					<string>$(ICON_NAME_RELEASE)</string>
					<key>ICON_FILE</key>
					<string>$(ICON_FILE_PATH)$(ICON)</string>
					<key>INFOPLIST_FILE</key>
					<string>openFrameworks-Info.plist</string>
					<key>INSTALL_PATH</key>
					<string>/Applications</string>
					<key>LIBRARY_SEARCH_PATHS</key>
					<string>$(inherited)</string>
					<key>PRODUCT_NAME</key>
					<string>$(TARGET_NAME)</string>
					<key>WRAPPER_EXTENSION</key>
					<string>app</string>
					<key>baseConfigurationReference</key>
					<string>E4EB6923138AFD0F00A09F29</string>
				</dict>
				<key>isa</key>
				<string>XCBuildConfiguration</string>
				<key>name</key>
				<string>AppStore</string>
			</dict>
			<key>BB4B014C10F69532006C3DED</key>
			<dict>
				<key>children</key>
				<array>
					<string>944786EDF919E08F4E18D6DE</string>
				</array>
				<key>isa</key>
				<string>PBXGroup</string>
				<key>name</key>
				<string>addons</string>
				<key>sourceTree</key>
				<string>&lt;group&gt;</string>
			</dict>
			<key>E4328143138ABC890047C5CB</key>
			<dict>
				<key>isa</key>
				<string>PBXFileReference</string>
				<key>lastKnownFileType</key>
				<string>wrapper.pb-project</string>
				<key>name</key>
				<string>openFrameworksLib.xcodeproj</string>
				<key>path</key>
				<string>../../../libs/openFrameworksCompiled/project/osx/openFrameworksLib.xcodeproj</string>
				<key>sourceTree</key>
				<string>SOURCE_ROOT</string>
			</dict>
			<key>E4328144138ABC890047C5CB</key>
			<dict>
				<key>children</key>
				<array>
					<string>E4328148138ABC890047C5CB</string>
				</array>
				<key>isa</key>
				<string>PBXGroup</string>
				<key>name</key>
				<string>Products</string>
				<key>sourceTree</key>
				<string>&lt;group&gt;</string>
			</dict>
			<key>E4328147138ABC890047C5CB</key>
			<dict>
				<key>containerPortal</key>
				<string>E4328143138ABC890047C5CB</string>
				<key>isa</key>
				<string>PBXContainerItemProxy</string>
				<key>proxyType</key>
				<string>2</string>
				<key>remoteGlobalIDString</key>
				<string>E4B27C1510CBEB8E00536013</string>
				<key>remoteInfo</key>
				<string>openFrameworks</string>
			</dict>
			<key>E4328148138ABC890047C5CB</key>
			<dict>
				<key>fileType</key>
				<string>archive.ar</string>
				<key>isa</key>
				<string>PBXReferenceProxy</string>
				<key>path</key>
				<string>openFrameworksDebug.a</string>
				<key>remoteRef</key>
				<string>E4328147138ABC890047C5CB</string>
				<key>sourceTree</key>
				<string>BUILT_PRODUCTS_DIR</string>
			</dict>
			<key>E4328149138ABC9F0047C5CB</key>
			<dict>
				<key>fileRef</key>
				<string>E4328148138ABC890047C5CB</string>
				<key>isa</key>
				<string>PBXBuildFile</string>
			</dict>
			<key>E4B69B4A0A3A1720003C02F2</key>
			<dict>
				<key>children</key>
				<array>
					<string>E4B6FCAD0C3E899E008CF71C</string>
					<string>E4EB6923138AFD0F00A09F29</string>
					<string>E4B69E1C0A3A1BDC003C02F2</string>
					<string>E4EEC9E9138DF44700A80321</string>
					<string>BB4B014C10F69532006C3DED</string>
					<string>6948EE371B920CB800B5AC1A</string>
					<string>E4B69B5B0A3A1756003C02F2</string>
				</array>
				<key>isa</key>
				<string>PBXGroup</string>
				<key>sourceTree</key>
				<string>&lt;group&gt;</string>
			</dict>
			<key>E4B69B4C0A3A1720003C02F2</key>
			<dict>
				<key>attributes</key>
				<dict>
					<key>LastUpgradeCheck</key>
					<string>0600</string>
				</dict>
				<key>buildConfigurationList</key>
				<string>E4B69B4D0A3A1720003C02F2</string>
				<key>compatibilityVersion</key>
				<string>Xcode 3.2</string>
				<key>developmentRegion</key>
				<string>English</string>
				<key>hasScannedForEncodings</key>
				<string>0</string>
				<key>isa</key>
				<string>PBXProject</string>
				<key>knownRegions</key>
				<array>
					<string>English</string>
					<string>Japanese</string>
					<string>French</string>
					<string>German</string>
				</array>
				<key>mainGroup</key>
				<string>E4B69B4A0A3A1720003C02F2</string>
				<key>productRefGroup</key>
				<string>E4B69B4A0A3A1720003C02F2</string>
				<key>projectDirPath</key>
				<string />
				<key>projectReferences</key>
				<array>
					<dict>
						<key>ProductGroup</key>
						<string>E4328144138ABC890047C5CB</string>
						<key>ProjectRef</key>
						<string>E4328143138ABC890047C5CB</string>
					</dict>
				</array>
				<key>projectRoot</key>
				<string />
				<key>targets</key>
				<array>
					<string>E4B69B5A0A3A1756003C02F2</string>
				</array>
			</dict>
			<key>E4B69B4D0A3A1720003C02F2</key>
			<dict>
				<key>buildConfigurations</key>
				<array>
					<string>E4B69B4E0A3A1720003C02F2</string>
					<string>E4B69B4F0A3A1720003C02F2</string>
					<string>99FA3DBB1C7456C400CFA0EE</string>
				</array>
				<key>defaultConfigurationIsVisible</key>
				<string>0</string>
				<key>defaultConfigurationName</key>
				<string>Release</string>
				<key>isa</key>
				<string>XCConfigurationList</string>
			</dict>
			<key>E4B69B4E0A3A1720003C02F2</key>
			<dict>
				<key>baseConfigurationReference</key>
				<string>E4EB6923138AFD0F00A09F29</string>
				<key>buildSettings</key>
				<dict>
					<key>OTHER_LDFLAGS</key>
					<array>
						<string>$(OF_CORE_FRAMEWORKS) $(OF_CORE_LIBS)</string>
						<string>../../../addons/ofxCorkCsg/libs/gmp/lib/osx/libgmp.10.dylib</string>
						<string>../../../addons/ofxCorkCsg/libs/gmp/lib/osx/libgmp.a</string>
						<string>../../../addons/ofxCorkCsg/libs/gmp/lib/osx/libgmp.10.dylib</string>
						<string>../../../addons/ofxCorkCsg/libs/gmp/lib/osx/libgmpxx.4.dylib</string>
						<string>../../../addons/ofxCorkCsg/libs/gmp/lib/osx/libgmpxx.a</string>
						<string>../../../addons/ofxCorkCsg/libs/gmp/lib/osx/libgmpxx.4.dylib</string>
					</array>
					<key>HEADER_SEARCH_PATHS</key>
					<array>
						<string>$(OF_CORE_HEADERS)</string>
						<string>src</string>
						<string>../../../addons/ofxCorkCsg/libs</string>
						<string>../../../addons/ofxCorkCsg/libs/cork</string>
						<string>../../../addons/ofxCorkCsg/libs/cork/src</string>
						<string>../../../addons/ofxCorkCsg/libs/cork/src/accel</string>
						<string>../../../addons/ofxCorkCsg/libs/cork/src/file_formats</string>
						<string>../../../addons/ofxCorkCsg/libs/cork/src/isct</string>
						<string>../../../addons/ofxCorkCsg/libs/cork/src/math</string>
						<string>../../../addons/ofxCorkCsg/libs/cork/src/mesh</string>
						<string>../../../addons/ofxCorkCsg/libs/cork/src/rawmesh</string>
						<string>../../../addons/ofxCorkCsg/libs/cork/src/util</string>
						<string>../../../addons/ofxCorkCsg/libs/gmp</string>
						<string>../../../addons/ofxCorkCsg/libs/gmp/include</string>
						<string>../../../addons/ofxCorkCsg/libs/gmp/lib</string>
						<string>../../../addons/ofxCorkCsg/libs/gmp/lib/osx</string>
						<string>../../../addons/ofxCorkCsg/src</string>
					</array>
					<key>CONFIGURATION_BUILD_DIR</key>
					<string>$(SRCROOT)/bin/</string>
					<key>COPY_PHASE_STRIP</key>
					<string>NO</string>
					<key>DEAD_CODE_STRIPPING</key>
					<string>YES</string>
					<key>GCC_AUTO_VECTORIZATION</key>
					<string>YES</string>
					<key>GCC_ENABLE_SSE3_EXTENSIONS</key>
					<string>YES</string>
					<key>GCC_ENABLE_SUPPLEMENTAL_SSE3_INSTRUCTIONS</key>
					<string>YES</string>
					<key>GCC_INLINES_ARE_PRIVATE_EXTERN</key>
					<string>NO</string>
					<key>GCC_OPTIMIZATION_LEVEL</key>
					<string>0</string>
					<key>GCC_SYMBOLS_PRIVATE_EXTERN</key>
					<string>NO</string>
					<key>GCC_WARN_ABOUT_DEPRECATED_FUNCTIONS</key>
					<string>YES</string>
					<key>GCC_WARN_ABOUT_INVALID_OFFSETOF_MACRO</key>
					<string>NO</string>
					<key>GCC_WARN_ALLOW_INCOMPLETE_PROTOCOL</key>
					<string>NO</string>
					<key>GCC_WARN_UNINITIALIZED_AUTOS</key>
					<string>NO</string>
					<key>GCC_WARN_UNUSED_VALUE</key>
					<string>NO</string>
					<key>GCC_WARN_UNUSED_VARIABLE</key>
					<string>NO</string>
					<key>MACOSX_DEPLOYMENT_TARGET</key>
					<string>10.9</string>
					<key>ONLY_ACTIVE_ARCH</key>
					<string>YES</string>
					<key>OTHER_CPLUSPLUSFLAGS</key>
					<array>
						<string>-D__MACOSX_CORE__</string>
						<string>-mtune=native</string>
					</array>
					<key>SDKROOT</key>
					<string>macosx</string>
				</dict>
				<key>isa</key>
				<string>XCBuildConfiguration</string>
				<key>name</key>
				<string>Debug</string>
			</dict>
			<key>E4B69B4F0A3A1720003C02F2</key>
			<dict>
				<key>baseConfigurationReference</key>
				<string>E4EB6923138AFD0F00A09F29</string>
				<key>buildSettings</key>
				<dict>
					<key>OTHER_LDFLAGS</key>
					<array>
						<string>$(OF_CORE_FRAMEWORKS) $(OF_CORE_LIBS)</string>
						<string>../../../addons/ofxCorkCsg/libs/gmp/lib/osx/libgmp.10.dylib</string>
						<string>../../../addons/ofxCorkCsg/libs/gmp/lib/osx/libgmp.a</string>
						<string>../../../addons/ofxCorkCsg/libs/gmp/lib/osx/libgmp.10.dylib</string>
						<string>../../../addons/ofxCorkCsg/libs/gmp/lib/osx/libgmpxx.4.dylib</string>
						<string>../../../addons/ofxCorkCsg/libs/gmp/lib/osx/libgmpxx.a</string>
						<string>../../../addons/ofxCorkCsg/libs/gmp/lib/osx/libgmpxx.4.dylib</string>
					</array>
					<key>HEADER_SEARCH_PATHS</key>
					<array>
						<string>$(OF_CORE_HEADERS)</string>
						<string>src</string>
						<string>../../../addons/ofxCorkCsg/libs</string>
						<string>../../../addons/ofxCorkCsg/libs/cork</string>
						<string>../../../addons/ofxCorkCsg/libs/cork/src</string>
						<string>../../../addons/ofxCorkCsg/libs/cork/src/accel</string>
						<string>../../../addons/ofxCorkCsg/libs/cork/src/file_formats</string>
						<string>../../../addons/ofxCorkCsg/libs/cork/src/isct</string>
						<string>../../../addons/ofxCorkCsg/libs/cork/src/math</string>
						<string>../../../addons/ofxCorkCsg/libs/cork/src/mesh</string>
						<string>../../../addons/ofxCorkCsg/libs/cork/src/rawmesh</string>
						<string>../../../addons/ofxCorkCsg/libs/cork/src/util</string>
						<string>../../../addons/ofxCorkCsg/libs/gmp</string>
						<string>../../../addons/ofxCorkCsg/libs/gmp/include</string>
						<string>../../../addons/ofxCorkCsg/libs/gmp/lib</string>
						<string>../../../addons/ofxCorkCsg/libs/gmp/lib/osx</string>
						<string>../../../addons/ofxCorkCsg/src</string>
					</array>
					<key>CONFIGURATION_BUILD_DIR</key>
					<string>$(SRCROOT)/bin/</string>
					<key>COPY_PHASE_STRIP</key>
					<string>YES</string>
					<key>DEAD_CODE_STRIPPING</key>
					<string>YES</string>
					<key>GCC_AUTO_VECTORIZATION</key>
					<string>YES</string>
					<key>GCC_ENABLE_SSE3_EXTENSIONS</key>
					<string>YES</string>
					<key>GCC_ENABLE_SUPPLEMENTAL_SSE3_INSTRUCTIONS</key>
					<string>YES</string>
					<key>GCC_INLINES_ARE_PRIVATE_EXTERN</key>
					<string>NO</string>
					<key>GCC_OPTIMIZATION_LEVEL</key>
					<string>3</string>
					<key>GCC_SYMBOLS_PRIVATE_EXTERN</key>
					<string>NO</string>
					<key>GCC_UNROLL_LOOPS</key>
					<string>YES</string>
					<key>GCC_WARN_ABOUT_DEPRECATED_FUNCTIONS</key>
					<string>YES</string>
					<key>GCC_WARN_ABOUT_INVALID_OFFSETOF_MACRO</key>
					<string>NO</string>
					<key>GCC_WARN_ALLOW_INCOMPLETE_PROTOCOL</key>
					<string>NO</string>
					<key>GCC_WARN_UNINITIALIZED_AUTOS</key>
					<string>NO</string>
					<key>GCC_WARN_UNUSED_VALUE</key>
					<string>NO</string>
					<key>GCC_WARN_UNUSED_VARIABLE</key>
					<string>NO</string>
					<key>MACOSX_DEPLOYMENT_TARGET</key>
					<string>10.9</string>
					<key>OTHER_CPLUSPLUSFLAGS</key>
					<array>
						<string>-D__MACOSX_CORE__</string>
						<string>-mtune=native</string>
					</array>
					<key>SDKROOT</key>
					<string>macosx</string>
				</dict>
				<key>isa</key>
				<string>XCBuildConfiguration</string>
				<key>name</key>
				<string>Release</string>
			</dict>
			<key>E4B69B580A3A1756003C02F2</key>
			<dict>
				<key>buildActionMask</key>
				<string>2147483647</string>
				<key>files</key>
				<array>
					<string>E4B69E200A3A1BDC003C02F2</string>
					<string>E4B69E210A3A1BDC003C02F2</string>
					<string>E06AC6EB84465C9EFEC3A2DF</string>
					<string>4FD174450C92F662E4E7E7FC</string>
					<string>41C3EE192021D99EF70FDFCB</string>
					<string>AB69D0B43CDDC284EE69034F</string>
					<string>700D29D1440CEBACDE4BF01B</string>
					<string>F401D09A5C3298A73E6C22A8</string>
					<string>86027BD7ACFD1484C0CFFFD8</string>
					<string>737500D6101AE4C42838350A</string>
					<string>BFCC3C7D801FD0653B5D6193</string>
					<string>73A5BA48FFAA9FF2B6AFEAC7</string>
					<string>FC7E9327BE80CD81EE76CD3D</string>
				</array>
				<key>isa</key>
				<string>PBXSourcesBuildPhase</string>
				<key>runOnlyForDeploymentPostprocessing</key>
				<string>0</string>
			</dict>
			<key>E4B69B590A3A1756003C02F2</key>
			<dict>
				<key>buildActionMask</key>
				<string>2147483647</string>
				<key>files</key>
				<array>
					<string>E4328149138ABC9F0047C5CB</string>
				</array>
				<key>isa</key>
				<string>PBXFrameworksBuildPhase</string>
				<key>runOnlyForDeploymentPostprocessing</key>
				<string>0</string>
			</dict>
			<key>E4B69B5A0A3A1756003C02F2</key>
			<dict>
				<key>buildConfigurationList</key>
				<string>E4B69B5F0A3A1757003C02F2</string>
				<key>buildPhases</key>
				<array>
					<string>E4B69B580A3A1756003C02F2</string>
					<string>E4B69B590A3A1756003C02F2</string>
					<string>E4B6FFFD0C3F9AB9008CF71C</string>
					<string>E4C2427710CC5ABF004149E2</string>
					<string>8466F1851C04CA0E00918B1C</string>
				</array>
				<key>buildRules</key>
				<array />
				<key>dependencies</key>
				<array>
					<string>E4EEB9AC138B136A00A80321</string>
				</array>
				<key>isa</key>
				<string>PBXNativeTarget</string>
				<key>name</key>
				<string>example-simple</string>
				<key>productName</key>
				<string>myOFApp</string>
				<key>productReference</key>
				<string>E4B69B5B0A3A1756003C02F2</string>
				<key>productType</key>
				<string>com.apple.product-type.application</string>
			</dict>
			<key>E4B69B5B0A3A1756003C02F2</key>
			<dict>
				<key>explicitFileType</key>
				<string>wrapper.application</string>
				<key>includeInIndex</key>
				<string>0</string>
				<key>isa</key>
				<string>PBXFileReference</string>
				<key>path</key>
				<string>example-simpleDebug.app</string>
				<key>sourceTree</key>
				<string>BUILT_PRODUCTS_DIR</string>
			</dict>
			<key>E4B69B5F0A3A1757003C02F2</key>
			<dict>
				<key>buildConfigurations</key>
				<array>
					<string>E4B69B600A3A1757003C02F2</string>
					<string>E4B69B610A3A1757003C02F2</string>
					<string>99FA3DBC1C7456C400CFA0EE</string>
				</array>
				<key>defaultConfigurationIsVisible</key>
				<string>0</string>
				<key>defaultConfigurationName</key>
				<string>Release</string>
				<key>isa</key>
				<string>XCConfigurationList</string>
			</dict>
			<key>E4B69B600A3A1757003C02F2</key>
			<dict>
				<key>baseConfigurationReference</key>
				<string>E4EB6923138AFD0F00A09F29</string>
				<key>buildSettings</key>
				<dict>
					<key>OTHER_LDFLAGS</key>
					<array>
						<string>$(OF_CORE_FRAMEWORKS) $(OF_CORE_LIBS)</string>
						<string>../../../addons/ofxCorkCsg/libs/gmp/lib/osx/libgmp.10.dylib</string>
						<string>../../../addons/ofxCorkCsg/libs/gmp/lib/osx/libgmp.a</string>
						<string>../../../addons/ofxCorkCsg/libs/gmp/lib/osx/libgmp.10.dylib</string>
						<string>../../../addons/ofxCorkCsg/libs/gmp/lib/osx/libgmpxx.4.dylib</string>
						<string>../../../addons/ofxCorkCsg/libs/gmp/lib/osx/libgmpxx.a</string>
						<string>../../../addons/ofxCorkCsg/libs/gmp/lib/osx/libgmpxx.4.dylib</string>
					</array>
					<key>HEADER_SEARCH_PATHS</key>
					<array>
						<string>$(OF_CORE_HEADERS)</string>
						<string>src</string>
						<string>../../../addons/ofxCorkCsg/libs</string>
						<string>../../../addons/ofxCorkCsg/libs/cork</string>
						<string>../../../addons/ofxCorkCsg/libs/cork/src</string>
						<string>../../../addons/ofxCorkCsg/libs/cork/src/accel</string>
						<string>../../../addons/ofxCorkCsg/libs/cork/src/file_formats</string>
						<string>../../../addons/ofxCorkCsg/libs/cork/src/isct</string>
						<string>../../../addons/ofxCorkCsg/libs/cork/src/math</string>
						<string>../../../addons/ofxCorkCsg/libs/cork/src/mesh</string>
						<string>../../../addons/ofxCorkCsg/libs/cork/src/rawmesh</string>
						<string>../../../addons/ofxCorkCsg/libs/cork/src/util</string>
						<string>../../../addons/ofxCorkCsg/libs/gmp</string>
						<string>../../../addons/ofxCorkCsg/libs/gmp/include</string>
						<string>../../../addons/ofxCorkCsg/libs/gmp/lib</string>
						<string>../../../addons/ofxCorkCsg/libs/gmp/lib/osx</string>
						<string>../../../addons/ofxCorkCsg/src</string>
					</array>
					<key>COMBINE_HIDPI_IMAGES</key>
					<string>YES</string>
					<key>COPY_PHASE_STRIP</key>
					<string>NO</string>
					<key>FRAMEWORK_SEARCH_PATHS</key>
					<string>$(inherited)</string>
					<key>GCC_DYNAMIC_NO_PIC</key>
					<string>NO</string>
					<key>GCC_GENERATE_DEBUGGING_SYMBOLS</key>
					<string>YES</string>
					<key>GCC_MODEL_TUNING</key>
					<string>NONE</string>
					<key>ICON</key>
					<string>$(ICON_NAME_DEBUG)</string>
					<key>ICON_FILE</key>
					<string>$(ICON_FILE_PATH)$(ICON)</string>
					<key>INFOPLIST_FILE</key>
					<string>openFrameworks-Info.plist</string>
					<key>INSTALL_PATH</key>
					<string>/Applications</string>
					<key>LIBRARY_SEARCH_PATHS</key>
					<string>$(inherited)</string>
					<key>PRODUCT_NAME</key>
					<string>$(TARGET_NAME)Debug</string>
					<key>WRAPPER_EXTENSION</key>
					<string>app</string>
				</dict>
				<key>isa</key>
				<string>XCBuildConfiguration</string>
				<key>name</key>
				<string>Debug</string>
			</dict>
			<key>E4B69B610A3A1757003C02F2</key>
			<dict>
				<key>baseConfigurationReference</key>
				<string>E4EB6923138AFD0F00A09F29</string>
				<key>buildSettings</key>
				<dict>
					<key>OTHER_LDFLAGS</key>
					<array>
						<string>$(OF_CORE_FRAMEWORKS) $(OF_CORE_LIBS)</string>
						<string>../../../addons/ofxCorkCsg/libs/gmp/lib/osx/libgmp.10.dylib</string>
						<string>../../../addons/ofxCorkCsg/libs/gmp/lib/osx/libgmp.a</string>
						<string>../../../addons/ofxCorkCsg/libs/gmp/lib/osx/libgmp.10.dylib</string>
						<string>../../../addons/ofxCorkCsg/libs/gmp/lib/osx/libgmpxx.4.dylib</string>
						<string>../../../addons/ofxCorkCsg/libs/gmp/lib/osx/libgmpxx.a</string>
						<string>../../../addons/ofxCorkCsg/libs/gmp/lib/osx/libgmpxx.4.dylib</string>
					</array>
					<key>HEADER_SEARCH_PATHS</key>
					<array>
						<string>$(OF_CORE_HEADERS)</string>
						<string>src</string>
						<string>../../../addons/ofxCorkCsg/libs</string>
						<string>../../../addons/ofxCorkCsg/libs/cork</string>
						<string>../../../addons/ofxCorkCsg/libs/cork/src</string>
						<string>../../../addons/ofxCorkCsg/libs/cork/src/accel</string>
						<string>../../../addons/ofxCorkCsg/libs/cork/src/file_formats</string>
						<string>../../../addons/ofxCorkCsg/libs/cork/src/isct</string>
						<string>../../../addons/ofxCorkCsg/libs/cork/src/math</string>
						<string>../../../addons/ofxCorkCsg/libs/cork/src/mesh</string>
						<string>../../../addons/ofxCorkCsg/libs/cork/src/rawmesh</string>
						<string>../../../addons/ofxCorkCsg/libs/cork/src/util</string>
						<string>../../../addons/ofxCorkCsg/libs/gmp</string>
						<string>../../../addons/ofxCorkCsg/libs/gmp/include</string>
						<string>../../../addons/ofxCorkCsg/libs/gmp/lib</string>
						<string>../../../addons/ofxCorkCsg/libs/gmp/lib/osx</string>
						<string>../../../addons/ofxCorkCsg/src</string>
					</array>
					<key>COMBINE_HIDPI_IMAGES</key>
					<string>YES</string>
					<key>COPY_PHASE_STRIP</key>
					<string>YES</string>
					<key>FRAMEWORK_SEARCH_PATHS</key>
					<string>$(inherited)</string>
					<key>GCC_GENERATE_DEBUGGING_SYMBOLS</key>
					<string>YES</string>
					<key>GCC_MODEL_TUNING</key>
					<string>NONE</string>
					<key>ICON</key>
					<string>$(ICON_NAME_RELEASE)</string>
					<key>ICON_FILE</key>
					<string>$(ICON_FILE_PATH)$(ICON)</string>
					<key>INFOPLIST_FILE</key>
					<string>openFrameworks-Info.plist</string>
					<key>INSTALL_PATH</key>
					<string>/Applications</string>
					<key>LIBRARY_SEARCH_PATHS</key>
					<string>$(inherited)</string>
					<key>PRODUCT_NAME</key>
					<string>$(TARGET_NAME)</string>
					<key>WRAPPER_EXTENSION</key>
					<string>app</string>
					<key>baseConfigurationReference</key>
					<string>E4EB6923138AFD0F00A09F29</string>
				</dict>
				<key>isa</key>
				<string>XCBuildConfiguration</string>
				<key>name</key>
				<string>Release</string>
			</dict>
			<key>E4B69E1C0A3A1BDC003C02F2</key>
			<dict>
				<key>children</key>
				<array>
					<string>E4B69E1D0A3A1BDC003C02F2</string>
					<string>E4B69E1E0A3A1BDC003C02F2</string>
					<string>E4B69E1F0A3A1BDC003C02F2</string>
				</array>
				<key>isa</key>
				<string>PBXGroup</string>
				<key>path</key>
				<string>src</string>
				<key>sourceTree</key>
				<string>SOURCE_ROOT</string>
			</dict>
			<key>E4B69E1D0A3A1BDC003C02F2</key>
			<dict>
				<key>fileEncoding</key>
				<string>30</string>
				<key>isa</key>
				<string>PBXFileReference</string>
				<key>lastKnownFileType</key>
				<string>sourcecode.cpp.cpp</string>
				<key>name</key>
				<string>main.cpp</string>
				<key>path</key>
				<string>src/main.cpp</string>
				<key>sourceTree</key>
				<string>SOURCE_ROOT</string>
			</dict>
			<key>E4B69E1E0A3A1BDC003C02F2</key>
			<dict>
				<key>explicitFileType</key>
				<string>sourcecode.cpp.cpp</string>
				<key>fileEncoding</key>
				<string>30</string>
				<key>isa</key>
				<string>PBXFileReference</string>
				<key>name</key>
				<string>ofApp.cpp</string>
				<key>path</key>
				<string>src/ofApp.cpp</string>
				<key>sourceTree</key>
				<string>SOURCE_ROOT</string>
			</dict>
			<key>E4B69E1F0A3A1BDC003C02F2</key>
			<dict>
				<key>fileEncoding</key>
				<string>30</string>
				<key>isa</key>
				<string>PBXFileReference</string>
				<key>lastKnownFileType</key>
				<string>sourcecode.c.h</string>
				<key>name</key>
				<string>ofApp.h</string>
				<key>path</key>
				<string>src/ofApp.h</string>
				<key>sourceTree</key>
				<string>SOURCE_ROOT</string>
			</dict>
			<key>E4B69E200A3A1BDC003C02F2</key>
			<dict>
				<key>fileRef</key>
				<string>E4B69E1D0A3A1BDC003C02F2</string>
				<key>isa</key>
				<string>PBXBuildFile</string>
			</dict>
			<key>E4B69E210A3A1BDC003C02F2</key>
			<dict>
				<key>fileRef</key>
				<string>E4B69E1E0A3A1BDC003C02F2</string>
				<key>isa</key>
				<string>PBXBuildFile</string>
			</dict>
			<key>E4B6FCAD0C3E899E008CF71C</key>
			<dict>
				<key>fileEncoding</key>
				<string>30</string>
				<key>isa</key>
				<string>PBXFileReference</string>
				<key>lastKnownFileType</key>
				<string>text.plist.xml</string>
				<key>path</key>
				<string>openFrameworks-Info.plist</string>
				<key>sourceTree</key>
				<string>&lt;group&gt;</string>
			</dict>
			<key>E4B6FFFD0C3F9AB9008CF71C</key>
			<dict>
				<key>buildActionMask</key>
				<string>2147483647</string>
				<key>files</key>
				<array />
				<key>inputPaths</key>
				<array />
				<key>isa</key>
				<string>PBXShellScriptBuildPhase</string>
				<key>outputPaths</key>
				<array />
				<key>runOnlyForDeploymentPostprocessing</key>
				<string>0</string>
				<key>shellPath</key>
				<string>/bin/sh</string>
				<key>shellScript</key>
				<string>mkdir -p "$TARGET_BUILD_DIR/$PRODUCT_NAME.app/Contents/Resources/"
# Copy default icon file into App/Resources
rsync -aved "$ICON_FILE" "$TARGET_BUILD_DIR/$PRODUCT_NAME.app/Contents/Resources/"
# Copy libfmod and change install directory for fmod to run
rsync -aved ../../../libs/fmodex/lib/osx/libfmodex.dylib "$TARGET_BUILD_DIR/$PRODUCT_NAME.app/Contents/Frameworks/";
install_name_tool -change @executable_path/libfmodex.dylib @executable_path/../Frameworks/libfmodex.dylib "$TARGET_BUILD_DIR/$PRODUCT_NAME.app/Contents/MacOS/$PRODUCT_NAME";

echo "$GCC_PREPROCESSOR_DEFINITIONS";
</string>
			</dict>
			<key>E4C2427710CC5ABF004149E2</key>
			<dict>
				<key>buildActionMask</key>
				<string>2147483647</string>
				<key>dstPath</key>
				<string />
				<key>dstSubfolderSpec</key>
				<string>10</string>
				<key>files</key>
				<array />
				<key>isa</key>
				<string>PBXCopyFilesBuildPhase</string>
				<key>runOnlyForDeploymentPostprocessing</key>
				<string>0</string>
			</dict>
			<key>E4EB691F138AFCF100A09F29</key>
			<dict>
				<key>fileEncoding</key>
				<string>4</string>
				<key>isa</key>
				<string>PBXFileReference</string>
				<key>lastKnownFileType</key>
				<string>text.xcconfig</string>
				<key>name</key>
				<string>CoreOF.xcconfig</string>
				<key>path</key>
				<string>../../../libs/openFrameworksCompiled/project/osx/CoreOF.xcconfig</string>
				<key>sourceTree</key>
				<string>SOURCE_ROOT</string>
			</dict>
			<key>E4EB6923138AFD0F00A09F29</key>
			<dict>
				<key>fileEncoding</key>
				<string>4</string>
				<key>isa</key>
				<string>PBXFileReference</string>
				<key>lastKnownFileType</key>
				<string>text.xcconfig</string>
				<key>path</key>
				<string>Project.xcconfig</string>
				<key>sourceTree</key>
				<string>&lt;group&gt;</string>
			</dict>
			<key>E4EEB9AB138B136A00A80321</key>
			<dict>
				<key>containerPortal</key>
				<string>E4328143138ABC890047C5CB</string>
				<key>isa</key>
				<string>PBXContainerItemProxy</string>
				<key>proxyType</key>
				<string>1</string>
				<key>remoteGlobalIDString</key>
				<string>E4B27C1410CBEB8E00536013</string>
				<key>remoteInfo</key>
				<string>openFrameworks</string>
			</dict>
			<key>E4EEB9AC138B136A00A80321</key>
			<dict>
				<key>isa</key>
				<string>PBXTargetDependency</string>
				<key>name</key>
				<string>openFrameworks</string>
				<key>targetProxy</key>
				<string>E4EEB9AB138B136A00A80321</string>
			</dict>
			<key>E4EEC9E9138DF44700A80321</key>
			<dict>
				<key>children</key>
				<array>
					<string>E4EB691F138AFCF100A09F29</string>
					<string>E4328143138ABC890047C5CB</string>
				</array>
				<key>isa</key>
				<string>PBXGroup</string>
				<key>name</key>
				<string>openFrameworks</string>
				<key>sourceTree</key>
				<string>&lt;group&gt;</string>
			</dict>
		</dict>
		<key>rootObject</key>
		<string>E4B69B4C0A3A1720003C02F2</string>
	</dict>
</plist>
